
Microsoft Visual Studio Solution File, Format Version 12.00
# Visual Studio 2013
VisualStudioVersion = 12.0.31101.0
MinimumVisualStudioVersion = 10.0.40219.1
Project("{FAE04EC0-301F-11D3-BF4B-00C04F79EFBC}") = "SampleIdentityTokenLayer", "SampleIdentityTokenLayer\SampleIdentityTokenLayer.csproj", "{B8B660F5-1193-499D-82D4-C39E33D5A419}"
EndProject
Project("{2150E333-8FDC-42A3-9474-1A3956D46DE8}") = ".nuget", ".nuget", "{E76D08A7-6B31-4FD6-A3EE-CFA68AD3201A}"
	ProjectSection(SolutionItems) = preProject
		.nuget\NuGet.Config = .nuget\NuGet.Config
		.nuget\NuGet.exe = .nuget\NuGet.exe
		.nuget\NuGet.targets = .nuget\NuGet.targets
	EndProjectSection
EndProject
Global
	GlobalSection(SolutionConfigurationPlatforms) = preSolution
		Debug|Any CPU = Debug|Any CPU
		Release|Any CPU = Release|Any CPU
	EndGlobalSection
	GlobalSection(ProjectConfigurationPlatforms) = postSolution
		{B8B660F5-1193-499D-82D4-C39E33D5A419}.Debug|Any CPU.ActiveCfg = Debug|Any CPU
		{B8B660F5-1193-499D-82D4-C39E33D5A419}.Debug|Any CPU.Build.0 = Debug|Any CPU
		{B8B660F5-1193-499D-82D4-C39E33D5A419}.Release|Any CPU.ActiveCfg = Release|Any CPU
		{B8B660F5-1193-499D-82D4-C39E33D5A419}.Release|Any CPU.Build.0 = Release|Any CPU
	EndGlobalSection
	GlobalSection(SolutionProperties) = preSolution
		HideSolutionNode = FALSE
	EndGlobalSection
EndGlobal
